(setq el-get-lock-package-versions
      '((Emacs-Sunburst-Color-Theme :checksum "e6f8c1593af55a51b64e40a5ff269f5abdb9b4e3")
        (evil :checksum "0be7100842e5d469e94578b157cee141cd147b88")
        (goto-chg :checksum "50e58f9e6bb0b8b8e3a24ed817ff78512a770448")
        (auto-complete :checksum "dd5dc3d41c5acafac3202f4213baa7c2f198772d")
        (fill-column-indicator :checksum "7c57b734f3d25554897db3cf7c66c140e3e0ddc8")
        (evil-surround :checksum "18a33859d7cddf31b4605414fdb34ea810779e22")
        (undo-tree :checksum "a3e81b682053a81e082139300ef0a913a7a610a2")
        (yasnippet :checksum "197db9fc228d75b604bd854fe84357c61d4297ac")
        (popup :checksum "46632ab9652dacad56fd961cd6def25a015170ae")
        (fuzzy :checksum "f7b8f668c3d364d3b52531b9b0fc152499d010fc")
        (evil-nerd-commenter :checksum "7e9bb3256cde919b40fffb9585c48745c64d0929")
        (evil-matchit :checksum "8862d8ea1571d5b729d0250f44c64ee999b0bc5d")
        (el-get-lock :checksum "046ffb568c6964ea30813338234aea2d60a5c632")))
(setq el-get-lock-locked-packages 'nil)
(setq el-get-lock-unlocked-packages 'nil)
