{
  "nodes": {
    "lowdown-src": {
      "flake": false,
      "locked": {
        "lastModified": 1598296217,
        "narHash": "sha256-ha7lyNY1d8m+osmDpPc9f/bfZ3ZC1IVIXwfyklSWg8I=",
        "owner": "edolstra",
        "repo": "lowdown",
        "rev": "c7a4e715af1e233080842db82d15b261cb74cb28",
        "type": "github"
      },
      "original": {
        "owner": "edolstra",
        "ref": "no-structs-in-anonymous-unions",
        "repo": "lowdown",
        "type": "github"
      }
    },
    "nix": {
      "inputs": {
        "lowdown-src": "lowdown-src",
        "nixpkgs": "nixpkgs"
      },
      "locked": {
        "lastModified": 1600427442,
        "narHash": "sha256-6RfCyl/a5XM4fvNhXMfAtXFgkNVRmg8S6rcJIn8p3v8=",
        "owner": "NixOS",
        "repo": "nix",
        "rev": "958bf5712377f59622c59f05a84641aa1093fd32",
        "type": "github"
      },
      "original": {
        "id": "nix",
        "type": "indirect"
      }
    },
    "nixpkgs": {
      "locked": {
        "lastModified": 1591633336,
        "narHash": "sha256-oVXv4xAnDJB03LvZGbC72vSVlIbbJr8tpjEW5o/Fdek=",
        "owner": "NixOS",
        "repo": "nixpkgs",
        "rev": "70717a337f7ae4e486ba71a500367cad697e5f09",
        "type": "github"
      },
      "original": {
        "id": "nixpkgs",
        "ref": "nixos-20.03-small",
        "type": "indirect"
      }
    },
    "nixpkgs_2": {
      "locked": {
        "lastModified": 1620252427,
        "narHash": "sha256-U1Q5QceuT4chJTJ1UOt7bZOn9Y2o5/7w27RISjqXoQw=",
        "owner": "nixos",
        "repo": "nixpkgs",
        "rev": "d3ba49889a76539ea0f7d7285b203e7f81326ded",
        "type": "github"
      },
      "original": {
        "owner": "nixos",
        "ref": "nixos-unstable",
        "repo": "nixpkgs",
        "type": "github"
      }
    },
    "root": {
      "inputs": {
        "nix": "nix",
        "nixpkgs": "nixpkgs_2"
      }
    }
  },
  "root": "root",
  "version": 7
}
